# This file is automatically @generated by Cargo.
# It is not intended for manual editing.
version = 3

[[package]]
name = "bitstream-io"
version = "1.8.0"
source = "registry+https://github.com/rust-lang/crates.io-index"
checksum = "02bef9e74b5908bed0360844109a55b62b07cc973274c11d3a577bda8cc1cf60"

[[package]]
name = "lzw"
version = "0.1.0"
dependencies = [
 "bitstream-io",
]
